GEM
  remote: https://rubygems.org/
  specs:
    power_assert (3.0.1)
    rake (13.4.2)
    simplecov (1.0.3)
    simplecov-rcov (0.3.7)
      simplecov (>= 0.4.1)
    test-unit (3.7.8)
      power_assert

PLATFORMS
  ruby

DEPENDENCIES
  rake (~> 13.4)
  simplecov (~> 1.0.3)
  simplecov-rcov (~> 0.3.7)
  test-unit (~> 3.7)

BUNDLED WITH
   2.2.19
